
Microsoft Visual Studio Solution File, Format Version 12.00
# Visual Studio Version 16
VisualStudioVersion = 16.0.32126.315
MinimumVisualStudioVersion = 10.0.40219.1
Project("{FAE04EC0-301F-11D3-BF4B-00C04F79EFBC}") = "Chart", "Chart\Chart.csproj", "{0E29202A-1063-40D5-975F-5ECE882CE681}"
EndProject
Global
	GlobalSection(SolutionConfigurationPlatforms) = preSolution
		Debug|Any CPU = Debug|Any CPU
		Release|Any CPU = Release|Any CPU
	EndGlobalSection
	GlobalSection(ProjectConfigurationPlatforms) = postSolution
		{0E29202A-1063-40D5-975F-5ECE882CE681}.Debug|Any CPU.ActiveCfg = Debug|Any CPU
		{0E29202A-1063-40D5-975F-5ECE882CE681}.Debug|Any CPU.Build.0 = Debug|Any CPU
		{0E29202A-1063-40D5-975F-5ECE882CE681}.Release|Any CPU.ActiveCfg = Release|Any CPU
		{0E29202A-1063-40D5-975F-5ECE882CE681}.Release|Any CPU.Build.0 = Release|Any CPU
	EndGlobalSection
	GlobalSection(SolutionProperties) = preSolution
		HideSolutionNode = FALSE
	EndGlobalSection
	GlobalSection(ExtensibilityGlobals) = postSolution
		SolutionGuid = {26735C4F-4B65-43A7-8C62-A98D33336B38}
	EndGlobalSection
EndGlobal
